Microsoft Visual Studio Solution File, Format Version 12.00
# Visual Studio Version 17
VisualStudioVersion = 17.5.2.0
MinimumVisualStudioVersion = 10.0.40219.1
Project("{2150E333-8FDC-42A3-9474-1A3956D46DE8}") = "packages", "packages", "{809F86A1-1C4C-B159-0CD4-DF9D33D876CE}"
EndProject
Project("{2150E333-8FDC-42A3-9474-1A3956D46DE8}") = "gui", "gui", "{6057E8E7-6C12-0800-448C-405378CFC160}"
EndProject
Project("{FAE04EC0-301F-11D3-BF4B-00C04F79EFBC}") = "CodePanion.Gui", "packages\gui\CodePanion.Gui.csproj", "{A08D4D0A-7B6A-A2B2-B6C8-C77BC9677D83}"
EndProject
Global
	GlobalSection(SolutionConfigurationPlatforms) = preSolution
		Debug|Any CPU = Debug|Any CPU
		Release|Any CPU = Release|Any CPU
	EndGlobalSection
	GlobalSection(ProjectConfigurationPlatforms) = postSolution
		{A08D4D0A-7B6A-A2B2-B6C8-C77BC9677D83}.Debug|Any CPU.ActiveCfg = Debug|Any CPU
		{A08D4D0A-7B6A-A2B2-B6C8-C77BC9677D83}.Debug|Any CPU.Build.0 = Debug|Any CPU
		{A08D4D0A-7B6A-A2B2-B6C8-C77BC9677D83}.Release|Any CPU.ActiveCfg = Release|Any CPU
		{A08D4D0A-7B6A-A2B2-B6C8-C77BC9677D83}.Release|Any CPU.Build.0 = Release|Any CPU
	EndGlobalSection
	GlobalSection(SolutionProperties) = preSolution
		HideSolutionNode = FALSE
	EndGlobalSection
	GlobalSection(NestedProjects) = preSolution
		{6057E8E7-6C12-0800-448C-405378CFC160} = {809F86A1-1C4C-B159-0CD4-DF9D33D876CE}
		{A08D4D0A-7B6A-A2B2-B6C8-C77BC9677D83} = {6057E8E7-6C12-0800-448C-405378CFC160}
	EndGlobalSection
	GlobalSection(ExtensibilityGlobals) = postSolution
		SolutionGuid = {39D83271-86F7-416F-9E74-D07C346615E0}
	EndGlobalSection
EndGlobal
